
Microsoft Visual Studio Solution File, Format Version 12.00
# Visual Studio Version 17
VisualStudioVersion = 17.8.34330.188
MinimumVisualStudioVersion = 10.0.40219.1
Project("{FAE04EC0-301F-11D3-BF4B-00C04F79EFBC}") = "GTSWinF_v2", "GTSWinF_v2\GTSWinF_v2.csproj", "{3E2758FE-6081-4836-9223-08012F7D3F00}"
EndProject
Global
	GlobalSection(SolutionConfigurationPlatforms) = preSolution
		Debug|Any CPU = Debug|Any CPU
		Release|Any CPU = Release|Any CPU
	EndGlobalSection
	GlobalSection(ProjectConfigurationPlatforms) = postSolution
		{3E2758FE-6081-4836-9223-08012F7D3F00}.Debug|Any CPU.ActiveCfg = Debug|Any CPU
		{3E2758FE-6081-4836-9223-08012F7D3F00}.Debug|Any CPU.Build.0 = Debug|Any CPU
		{3E2758FE-6081-4836-9223-08012F7D3F00}.Release|Any CPU.ActiveCfg = Release|Any CPU
		{3E2758FE-6081-4836-9223-08012F7D3F00}.Release|Any CPU.Build.0 = Release|Any CPU
	EndGlobalSection
	GlobalSection(SolutionProperties) = preSolution
		HideSolutionNode = FALSE
	EndGlobalSection
	GlobalSection(ExtensibilityGlobals) = postSolution
		SolutionGuid = {A6005E49-192C-482D-AEFC-2ABCDDFCB9F7}
	EndGlobalSection
EndGlobal
